// !$*UTF8*$!
{
	archiveVersion = 1;
	classes = {
	};
	objectVersion = 48;
	objects = {

/* Begin PBXFileReference section */
		5C95CA281FAA6A230065F9C1 /* hello.world.sh */ = {isa = PBXFileReference; lastKnownFileType = text.script.sh; path = hello.world.sh; sourceTree = "<group>"; };
		5CA457D91FBB8322005F673E /* star.alignment.loop.sh */ = {isa = PBXFileReference; lastKnownFileType = text.script.sh; path = star.alignment.loop.sh; sourceTree = "<group>"; };
		5CA457DA1FBB8409005F673E /* htseq.count.loop.sh */ = {isa = PBXFileReference; lastKnownFileType = text.script.sh; path = htseq.count.loop.sh; sourceTree = "<group>"; };
/* End PBXFileReference section */

/* Begin PBXGroup section */
		5CF612371FA983320030CD80 = {
			isa = PBXGroup;
			children = (
				5C95CA281FAA6A230065F9C1 /* hello.world.sh */,
				5CA457D91FBB8322005F673E /* star.alignment.loop.sh */,
				5CA457DA1FBB8409005F673E /* htseq.count.loop.sh */,
			);
			sourceTree = "<group>";
		};
/* End PBXGroup section */

/* Begin PBXProject section */
		5CF612381FA983320030CD80 /* Project object */ = {
			isa = PBXProject;
			attributes = {
				LastUpgradeCheck = 0910;
			};
			buildConfigurationList = 5CF6123B1FA983320030CD80 /* Build configuration list for PBXProject "BiX - beta" */;
			compatibilityVersion = "Xcode 8.0";
			developmentRegion = en;
			hasScannedForEncodings = 0;
			knownRegions = (
				en,
			);
			mainGroup = 5CF612371FA983320030CD80;
			projectDirPath = "";
			projectRoot = "";
			targets = (
			);
		};
/* End PBXProject section */

/* Begin XCBuildConfiguration section */
		5CF6123C1FA983320030CD80 /* Debug */ = {
			isa = XCBuildConfiguration;
			buildSettings = {
			};
			name = Debug;
		};
		5CF6123D1FA983320030CD80 /* Release */ = {
			isa = XCBuildConfiguration;
			buildSettings = {
			};
			name = Release;
		};
/* End XCBuildConfiguration section */

/* Begin XCConfigurationList section */
		5CF6123B1FA983320030CD80 /* Build configuration list for PBXProject "BiX - beta" */ = {
			isa = XCConfigurationList;
			buildConfigurations = (
				5CF6123C1FA983320030CD80 /* Debug */,
				5CF6123D1FA983320030CD80 /* Release */,
			);
			defaultConfigurationIsVisible = 0;
			defaultConfigurationName = Release;
		};
/* End XCConfigurationList section */
	};
	rootObject = 5CF612381FA983320030CD80 /* Project object */;
}
